
Microsoft Visual Studio Solution File, Format Version 12.00
# Visual Studio 15
VisualStudioVersion = 15.0.27004.2008
MinimumVisualStudioVersion = 10.0.40219.1
Project("{FAE04EC0-301F-11D3-BF4B-00C04F79EFBC}") = "TradeGeckoExample", "TradeGeckoExample\TradeGeckoExample.csproj", "{A6BBAAC3-3E61-469A-9004-6B6060D2A27B}"
EndProject
Global
	GlobalSection(SolutionConfigurationPlatforms) = preSolution
		Debug|Any CPU = Debug|Any CPU
		Release|Any CPU = Release|Any CPU
	EndGlobalSection
	GlobalSection(ProjectConfigurationPlatforms) = postSolution
		{A6BBAAC3-3E61-469A-9004-6B6060D2A27B}.Debug|Any CPU.ActiveCfg = Debug|Any CPU
		{A6BBAAC3-3E61-469A-9004-6B6060D2A27B}.Debug|Any CPU.Build.0 = Debug|Any CPU
		{A6BBAAC3-3E61-469A-9004-6B6060D2A27B}.Release|Any CPU.ActiveCfg = Release|Any CPU
		{A6BBAAC3-3E61-469A-9004-6B6060D2A27B}.Release|Any CPU.Build.0 = Release|Any CPU
	EndGlobalSection
	GlobalSection(SolutionProperties) = preSolution
		HideSolutionNode = FALSE
	EndGlobalSection
	GlobalSection(ExtensibilityGlobals) = postSolution
		SolutionGuid = {0A60156F-E966-41F2-A2B3-D3C24ACA98DE}
	EndGlobalSection
EndGlobal
